
Microsoft Visual Studio Solution File, Format Version 12.00
# Visual Studio Version 16
VisualStudioVersion = 16.0.30406.217
MinimumVisualStudioVersion = 10.0.40219.1
Project("{F184B08F-C81C-45F6-A57F-5ABD9991F28F}") = "ISCPBookInventory", "ISCPBookInventory\ISCPBookInventory.vbproj", "{15FB8F0F-94FC-4F04-A34A-86E433BB6BAB}"
EndProject
Global
	GlobalSection(SolutionConfigurationPlatforms) = preSolution
		Debug|Any CPU = Debug|Any CPU
		Release|Any CPU = Release|Any CPU
	EndGlobalSection
	GlobalSection(ProjectConfigurationPlatforms) = postSolution
		{15FB8F0F-94FC-4F04-A34A-86E433BB6BAB}.Debug|Any CPU.ActiveCfg = Debug|Any CPU
		{15FB8F0F-94FC-4F04-A34A-86E433BB6BAB}.Debug|Any CPU.Build.0 = Debug|Any CPU
		{15FB8F0F-94FC-4F04-A34A-86E433BB6BAB}.Release|Any CPU.ActiveCfg = Release|Any CPU
		{15FB8F0F-94FC-4F04-A34A-86E433BB6BAB}.Release|Any CPU.Build.0 = Release|Any CPU
	EndGlobalSection
	GlobalSection(SolutionProperties) = preSolution
		HideSolutionNode = FALSE
	EndGlobalSection
	GlobalSection(ExtensibilityGlobals) = postSolution
		SolutionGuid = {6E42C451-7E66-43D2-8929-3638E11FB20C}
	EndGlobalSection
EndGlobal
